
Microsoft Visual Studio Solution File, Format Version 12.00
# Visual Studio Version 16
VisualStudioVersion = 16.0.28803.452
MinimumVisualStudioVersion = 10.0.40219.1
Project("{9A19103F-16F7-4668-BE54-9A1E7A4F7556}") = "LohiWeb", "LohiWeb\LohiWeb.csproj", "{1EC53844-AFF4-4A08-BC34-B73F4DFC2D5A}"
EndProject
Project("{9A19103F-16F7-4668-BE54-9A1E7A4F7556}") = "LohiWeb.Core", "LohiWeb.Core\LohiWeb.Core.csproj", "{CC3BC0E9-64B8-4815-BD8D-0547C4F6AF0E}"
EndProject
Project("{9A19103F-16F7-4668-BE54-9A1E7A4F7556}") = "LohiWeb.Data", "LohiWeb.Data\LohiWeb.Data.csproj", "{637E0A40-C2AE-4C8B-AB87-95B34B404323}"
EndProject
Project("{FAE04EC0-301F-11D3-BF4B-00C04F79EFBC}") = "LohiWeb.Tests", "LohiWeb.Tests\LohiWeb.Tests.csproj", "{0735991E-651F-4B11-9FF4-255F438FC232}"
EndProject
Global
	GlobalSection(SolutionConfigurationPlatforms) = preSolution
		Debug|Any CPU = Debug|Any CPU
		Release|Any CPU = Release|Any CPU
	EndGlobalSection
	GlobalSection(ProjectConfigurationPlatforms) = postSolution
		{1EC53844-AFF4-4A08-BC34-B73F4DFC2D5A}.Debug|Any CPU.ActiveCfg = Debug|Any CPU
		{1EC53844-AFF4-4A08-BC34-B73F4DFC2D5A}.Debug|Any CPU.Build.0 = Debug|Any CPU
		{1EC53844-AFF4-4A08-BC34-B73F4DFC2D5A}.Release|Any CPU.ActiveCfg = Release|Any CPU
		{1EC53844-AFF4-4A08-BC34-B73F4DFC2D5A}.Release|Any CPU.Build.0 = Release|Any CPU
		{CC3BC0E9-64B8-4815-BD8D-0547C4F6AF0E}.Debug|Any CPU.ActiveCfg = Debug|Any CPU
		{CC3BC0E9-64B8-4815-BD8D-0547C4F6AF0E}.Debug|Any CPU.Build.0 = Debug|Any CPU
		{CC3BC0E9-64B8-4815-BD8D-0547C4F6AF0E}.Release|Any CPU.ActiveCfg = Release|Any CPU
		{CC3BC0E9-64B8-4815-BD8D-0547C4F6AF0E}.Release|Any CPU.Build.0 = Release|Any CPU
		{637E0A40-C2AE-4C8B-AB87-95B34B404323}.Debug|Any CPU.ActiveCfg = Debug|Any CPU
		{637E0A40-C2AE-4C8B-AB87-95B34B404323}.Debug|Any CPU.Build.0 = Debug|Any CPU
		{637E0A40-C2AE-4C8B-AB87-95B34B404323}.Release|Any CPU.ActiveCfg = Release|Any CPU
		{637E0A40-C2AE-4C8B-AB87-95B34B404323}.Release|Any CPU.Build.0 = Release|Any CPU
		{0735991E-651F-4B11-9FF4-255F438FC232}.Debug|Any CPU.ActiveCfg = Debug|Any CPU
		{0735991E-651F-4B11-9FF4-255F438FC232}.Debug|Any CPU.Build.0 = Debug|Any CPU
		{0735991E-651F-4B11-9FF4-255F438FC232}.Release|Any CPU.ActiveCfg = Release|Any CPU
		{0735991E-651F-4B11-9FF4-255F438FC232}.Release|Any CPU.Build.0 = Release|Any CPU
	EndGlobalSection
	GlobalSection(SolutionProperties) = preSolution
		HideSolutionNode = FALSE
	EndGlobalSection
	GlobalSection(ExtensibilityGlobals) = postSolution
		SolutionGuid = {B1458D48-C8C8-4A5F-90B5-EE70F328A3C7}
	EndGlobalSection
EndGlobal
